
Microsoft Visual Studio Solution File, Format Version 12.00
# Visual Studio 15
VisualStudioVersion = 15.0.27428.2043
MinimumVisualStudioVersion = 10.0.40219.1
Project("{FAE04EC0-301F-11D3-BF4B-00C04F79EFBC}") = "MovieDatabase.DataAccess", "MovieDatabase.DataAccess\MovieDatabase.DataAccess.csproj", "{AB954CAF-5B6E-4E30-94C0-CE0D6072E3E5}"
EndProject
Project("{FAE04EC0-301F-11D3-BF4B-00C04F79EFBC}") = "MovieDatabase.Model", "MovieDatabase.Model\MovieDatabase.Model.csproj", "{67CA3482-12CE-4388-958D-0B038ED01029}"
EndProject
Project("{FAE04EC0-301F-11D3-BF4B-00C04F79EFBC}") = "MovieDatabase.Server", "MovieDatabase.Server\MovieDatabase.Server.csproj", "{61F5BC07-463B-41DF-BF6C-ECD238BF730B}"
EndProject
Project("{FAE04EC0-301F-11D3-BF4B-00C04F79EFBC}") = "MovieDatabase.Domain", "MovieDatabase.Domain\MovieDatabase.Domain.csproj", "{868630DC-034A-45BB-98A7-E49F73F983BB}"
EndProject
Project("{FAE04EC0-301F-11D3-BF4B-00C04F79EFBC}") = "UnitTestProject1", "UnitTestProject1\UnitTestProject1.csproj", "{92B27106-0A40-46C7-A365-0EDAD6E63CBF}"
EndProject
Global
	GlobalSection(SolutionConfigurationPlatforms) = preSolution
		Debug|Any CPU = Debug|Any CPU
		Release|Any CPU = Release|Any CPU
	EndGlobalSection
	GlobalSection(ProjectConfigurationPlatforms) = postSolution
		{AB954CAF-5B6E-4E30-94C0-CE0D6072E3E5}.Debug|Any CPU.ActiveCfg = Debug|Any CPU
		{AB954CAF-5B6E-4E30-94C0-CE0D6072E3E5}.Debug|Any CPU.Build.0 = Debug|Any CPU
		{AB954CAF-5B6E-4E30-94C0-CE0D6072E3E5}.Release|Any CPU.ActiveCfg = Release|Any CPU
		{AB954CAF-5B6E-4E30-94C0-CE0D6072E3E5}.Release|Any CPU.Build.0 = Release|Any CPU
		{67CA3482-12CE-4388-958D-0B038ED01029}.Debug|Any CPU.ActiveCfg = Debug|Any CPU
		{67CA3482-12CE-4388-958D-0B038ED01029}.Debug|Any CPU.Build.0 = Debug|Any CPU
		{67CA3482-12CE-4388-958D-0B038ED01029}.Release|Any CPU.ActiveCfg = Release|Any CPU
		{67CA3482-12CE-4388-958D-0B038ED01029}.Release|Any CPU.Build.0 = Release|Any CPU
		{61F5BC07-463B-41DF-BF6C-ECD238BF730B}.Debug|Any CPU.ActiveCfg = Debug|Any CPU
		{61F5BC07-463B-41DF-BF6C-ECD238BF730B}.Debug|Any CPU.Build.0 = Debug|Any CPU
		{61F5BC07-463B-41DF-BF6C-ECD238BF730B}.Release|Any CPU.ActiveCfg = Release|Any CPU
		{61F5BC07-463B-41DF-BF6C-ECD238BF730B}.Release|Any CPU.Build.0 = Release|Any CPU
		{868630DC-034A-45BB-98A7-E49F73F983BB}.Debug|Any CPU.ActiveCfg = Debug|Any CPU
		{868630DC-034A-45BB-98A7-E49F73F983BB}.Debug|Any CPU.Build.0 = Debug|Any CPU
		{868630DC-034A-45BB-98A7-E49F73F983BB}.Release|Any CPU.ActiveCfg = Release|Any CPU
		{868630DC-034A-45BB-98A7-E49F73F983BB}.Release|Any CPU.Build.0 = Release|Any CPU
		{92B27106-0A40-46C7-A365-0EDAD6E63CBF}.Debug|Any CPU.ActiveCfg = Debug|Any CPU
		{92B27106-0A40-46C7-A365-0EDAD6E63CBF}.Debug|Any CPU.Build.0 = Debug|Any CPU
		{92B27106-0A40-46C7-A365-0EDAD6E63CBF}.Release|Any CPU.ActiveCfg = Release|Any CPU
		{92B27106-0A40-46C7-A365-0EDAD6E63CBF}.Release|Any CPU.Build.0 = Release|Any CPU
	EndGlobalSection
	GlobalSection(SolutionProperties) = preSolution
		HideSolutionNode = FALSE
	EndGlobalSection
	GlobalSection(ExtensibilityGlobals) = postSolution
		SolutionGuid = {40D40287-F17C-487B-BE00-110C0F394D81}
	EndGlobalSection
EndGlobal
